
Microsoft Visual Studio Solution File, Format Version 12.00
# Visual Studio Version 17
VisualStudioVersion = 17.7.34031.279
MinimumVisualStudioVersion = 10.0.40219.1
Project("{8BC9CEB8-8B4A-11D0-8D11-00A0C91BC942}") = "DoctorManagerWidget", "DoctorManagerWidget.vcxproj", "{25CA2E0C-4CDD-4630-8F05-F570869C3D41}"
EndProject
Global
	GlobalSection(SolutionConfigurationPlatforms) = preSolution
		Debug|x64 = Debug|x64
		Release|x64 = Release|x64
	EndGlobalSection
	GlobalSection(ProjectConfigurationPlatforms) = postSolution
		{25CA2E0C-4CDD-4630-8F05-F570869C3D41}.Debug|x64.ActiveCfg = Debug|x64
		{25CA2E0C-4CDD-4630-8F05-F570869C3D41}.Debug|x64.Build.0 = Debug|x64
		{25CA2E0C-4CDD-4630-8F05-F570869C3D41}.Release|x64.ActiveCfg = Release|x64
		{25CA2E0C-4CDD-4630-8F05-F570869C3D41}.Release|x64.Build.0 = Release|x64
	EndGlobalSection
	GlobalSection(SolutionProperties) = preSolution
		HideSolutionNode = FALSE
	EndGlobalSection
	GlobalSection(ExtensibilityGlobals) = postSolution
		SolutionGuid = {2A77C004-0134-4BEC-8D0D-C512D7C5F3CC}
	EndGlobalSection
EndGlobal
